
Microsoft Visual Studio Solution File, Format Version 12.00
# Visual Studio Version 17
VisualStudioVersion = 17.7.34031.279
MinimumVisualStudioVersion = 10.0.40219.1
Project("{FAE04EC0-301F-11D3-BF4B-00C04F79EFBC}") = "TP1_Qualité_Dev", "TP1_Qualité_Dev\TP1_Qualité_Dev.csproj", "{ACA4087D-004A-4DB0-8397-C075984DB073}"
EndProject
Global
	GlobalSection(SolutionConfigurationPlatforms) = preSolution
		Debug|Any CPU = Debug|Any CPU
		Release|Any CPU = Release|Any CPU
	EndGlobalSection
	GlobalSection(ProjectConfigurationPlatforms) = postSolution
		{ACA4087D-004A-4DB0-8397-C075984DB073}.Debug|Any CPU.ActiveCfg = Debug|Any CPU
		{ACA4087D-004A-4DB0-8397-C075984DB073}.Debug|Any CPU.Build.0 = Debug|Any CPU
		{ACA4087D-004A-4DB0-8397-C075984DB073}.Release|Any CPU.ActiveCfg = Release|Any CPU
		{ACA4087D-004A-4DB0-8397-C075984DB073}.Release|Any CPU.Build.0 = Release|Any CPU
	EndGlobalSection
	GlobalSection(SolutionProperties) = preSolution
		HideSolutionNode = FALSE
	EndGlobalSection
	GlobalSection(ExtensibilityGlobals) = postSolution
		SolutionGuid = {BC7C3BAD-EBB1-4D51-BD55-BBF9984D466B}
	EndGlobalSection
EndGlobal
